
Microsoft Visual Studio Solution File, Format Version 12.00
# Visual Studio Version 16
VisualStudioVersion = 16.0.31728.76
MinimumVisualStudioVersion = 10.0.40219.1
Project("{FAE04EC0-301F-11D3-BF4B-00C04F79EFBC}") = "CustomLoginPage", "CustomLoginPage\CustomLoginPage.csproj", "{84BC5B31-FFB0-4D26-99E9-233810A01A7A}"
EndProject
Global
	GlobalSection(SolutionConfigurationPlatforms) = preSolution
		Debug|Any CPU = Debug|Any CPU
		Release|Any CPU = Release|Any CPU
	EndGlobalSection
	GlobalSection(ProjectConfigurationPlatforms) = postSolution
		{84BC5B31-FFB0-4D26-99E9-233810A01A7A}.Debug|Any CPU.ActiveCfg = Debug|Any CPU
		{84BC5B31-FFB0-4D26-99E9-233810A01A7A}.Debug|Any CPU.Build.0 = Debug|Any CPU
		{84BC5B31-FFB0-4D26-99E9-233810A01A7A}.Release|Any CPU.ActiveCfg = Release|Any CPU
		{84BC5B31-FFB0-4D26-99E9-233810A01A7A}.Release|Any CPU.Build.0 = Release|Any CPU
	EndGlobalSection
	GlobalSection(SolutionProperties) = preSolution
		HideSolutionNode = FALSE
	EndGlobalSection
	GlobalSection(ExtensibilityGlobals) = postSolution
		SolutionGuid = {8AEA8A2E-8CDB-4956-AB92-631B65C5041F}
	EndGlobalSection
EndGlobal
